
Microsoft Visual Studio Solution File, Format Version 12.00
# Visual Studio 15
VisualStudioVersion = 15.0.28307.136
MinimumVisualStudioVersion = 10.0.40219.1
Project("{FAE04EC0-301F-11D3-BF4B-00C04F79EFBC}") = "MotiveMe.Android", "MotiveMe\MotiveMe.Android\MotiveMe.Android.csproj", "{2451277C-4CC5-43BE-BF5E-0732D71B3A8C}"
EndProject
Project("{FAE04EC0-301F-11D3-BF4B-00C04F79EFBC}") = "MotiveMe.iOS", "MotiveMe\MotiveMe.iOS\MotiveMe.iOS.csproj", "{43C5480D-6E6C-46C1-9A37-DB17FC1344A4}"
EndProject
Project("{FAE04EC0-301F-11D3-BF4B-00C04F79EFBC}") = "MotiveMe", "MotiveMe\MotiveMe\MotiveMe.csproj", "{D22D10EF-3C48-4FC9-B237-90E0D4E611BC}"
EndProject
Global
	GlobalSection(SolutionConfigurationPlatforms) = preSolution
		Ad-Hoc|Any CPU = Ad-Hoc|Any CPU
		Ad-Hoc|iPhone = Ad-Hoc|iPhone
		Ad-Hoc|iPhoneSimulator = Ad-Hoc|iPhoneSimulator
		AppStore|Any CPU = AppStore|Any CPU
		AppStore|iPhone = AppStore|iPhone
		AppStore|iPhoneSimulator = AppStore|iPhoneSimulator
		Debug|Any CPU = Debug|Any CPU
		Debug|iPhone = Debug|iPhone
		Debug|iPhoneSimulator = Debug|iPhoneSimulator
		Release|Any CPU = Release|Any CPU
		Release|iPhone = Release|iPhone
		Release|iPhoneSimulator = Release|iPhoneSimulator
	EndGlobalSection
	GlobalSection(ProjectConfigurationPlatforms) = postSolution
		{2451277C-4CC5-43BE-BF5E-0732D71B3A8C}.Ad-Hoc|Any CPU.ActiveCfg = Release|Any CPU
		{2451277C-4CC5-43BE-BF5E-0732D71B3A8C}.Ad-Hoc|Any CPU.Build.0 = Release|Any CPU
		{2451277C-4CC5-43BE-BF5E-0732D71B3A8C}.Ad-Hoc|Any CPU.Deploy.0 = Release|Any CPU
		{2451277C-4CC5-43BE-BF5E-0732D71B3A8C}.Ad-Hoc|iPhone.ActiveCfg = Release|Any CPU
		{2451277C-4CC5-43BE-BF5E-0732D71B3A8C}.Ad-Hoc|iPhone.Build.0 = Release|Any CPU
		{2451277C-4CC5-43BE-BF5E-0732D71B3A8C}.Ad-Hoc|iPhone.Deploy.0 = Release|Any CPU
		{2451277C-4CC5-43BE-BF5E-0732D71B3A8C}.Ad-Hoc|iPhoneSimulator.ActiveCfg = Release|Any CPU
		{2451277C-4CC5-43BE-BF5E-0732D71B3A8C}.Ad-Hoc|iPhoneSimulator.Build.0 = Release|Any CPU
		{2451277C-4CC5-43BE-BF5E-0732D71B3A8C}.Ad-Hoc|iPhoneSimulator.Deploy.0 = Release|Any CPU
		{2451277C-4CC5-43BE-BF5E-0732D71B3A8C}.AppStore|Any CPU.ActiveCfg = Release|Any CPU
		{2451277C-4CC5-43BE-BF5E-0732D71B3A8C}.AppStore|Any CPU.Build.0 = Release|Any CPU
		{2451277C-4CC5-43BE-BF5E-0732D71B3A8C}.AppStore|Any CPU.Deploy.0 = Release|Any CPU
		{2451277C-4CC5-43BE-BF5E-0732D71B3A8C}.AppStore|iPhone.ActiveCfg = Release|Any CPU
		{2451277C-4CC5-43BE-BF5E-0732D71B3A8C}.AppStore|iPhone.Build.0 = Release|Any CPU
		{2451277C-4CC5-43BE-BF5E-0732D71B3A8C}.AppStore|iPhone.Deploy.0 = Release|Any CPU
		{2451277C-4CC5-43BE-BF5E-0732D71B3A8C}.AppStore|iPhoneSimulator.ActiveCfg = Release|Any CPU
		{2451277C-4CC5-43BE-BF5E-0732D71B3A8C}.AppStore|iPhoneSimulator.Build.0 = Release|Any CPU
		{2451277C-4CC5-43BE-BF5E-0732D71B3A8C}.AppStore|iPhoneSimulator.Deploy.0 = Release|Any CPU
		{2451277C-4CC5-43BE-BF5E-0732D71B3A8C}.Debug|Any CPU.ActiveCfg = Debug|Any CPU
		{2451277C-4CC5-43BE-BF5E-0732D71B3A8C}.Debug|Any CPU.Build.0 = Debug|Any CPU
		{2451277C-4CC5-43BE-BF5E-0732D71B3A8C}.Debug|Any CPU.Deploy.0 = Debug|Any CPU
		{2451277C-4CC5-43BE-BF5E-0732D71B3A8C}.Debug|iPhone.ActiveCfg = Debug|Any CPU
		{2451277C-4CC5-43BE-BF5E-0732D71B3A8C}.Debug|iPhone.Build.0 = Debug|Any CPU
		{2451277C-4CC5-43BE-BF5E-0732D71B3A8C}.Debug|iPhone.Deploy.0 = Debug|Any CPU
		{2451277C-4CC5-43BE-BF5E-0732D71B3A8C}.Debug|iPhoneSimulator.ActiveCfg = Debug|Any CPU
		{2451277C-4CC5-43BE-BF5E-0732D71B3A8C}.Debug|iPhoneSimulator.Build.0 = Debug|Any CPU
		{2451277C-4CC5-43BE-BF5E-0732D71B3A8C}.Debug|iPhoneSimulator.Deploy.0 = Debug|Any CPU
		{2451277C-4CC5-43BE-BF5E-0732D71B3A8C}.Release|Any CPU.ActiveCfg = Release|Any CPU
		{2451277C-4CC5-43BE-BF5E-0732D71B3A8C}.Release|Any CPU.Build.0 = Release|Any CPU
		{2451277C-4CC5-43BE-BF5E-0732D71B3A8C}.Release|Any CPU.Deploy.0 = Release|Any CPU
		{2451277C-4CC5-43BE-BF5E-0732D71B3A8C}.Release|iPhone.ActiveCfg = Release|Any CPU
		{2451277C-4CC5-43BE-BF5E-0732D71B3A8C}.Release|iPhone.Build.0 = Release|Any CPU
		{2451277C-4CC5-43BE-BF5E-0732D71B3A8C}.Release|iPhone.Deploy.0 = Release|Any CPU
		{2451277C-4CC5-43BE-BF5E-0732D71B3A8C}.Release|iPhoneSimulator.ActiveCfg = Release|Any CPU
		{2451277C-4CC5-43BE-BF5E-0732D71B3A8C}.Release|iPhoneSimulator.Build.0 = Release|Any CPU
		{2451277C-4CC5-43BE-BF5E-0732D71B3A8C}.Release|iPhoneSimulator.Deploy.0 = Release|Any CPU
		{43C5480D-6E6C-46C1-9A37-DB17FC1344A4}.Ad-Hoc|Any CPU.ActiveCfg = Ad-Hoc|iPhone
		{43C5480D-6E6C-46C1-9A37-DB17FC1344A4}.Ad-Hoc|Any CPU.Build.0 = Ad-Hoc|iPhone
		{43C5480D-6E6C-46C1-9A37-DB17FC1344A4}.Ad-Hoc|Any CPU.Deploy.0 = Ad-Hoc|iPhone
		{43C5480D-6E6C-46C1-9A37-DB17FC1344A4}.Ad-Hoc|iPhone.ActiveCfg = Ad-Hoc|iPhone
		{43C5480D-6E6C-46C1-9A37-DB17FC1344A4}.Ad-Hoc|iPhone.Build.0 = Ad-Hoc|iPhone
		{43C5480D-6E6C-46C1-9A37-DB17FC1344A4}.Ad-Hoc|iPhone.Deploy.0 = Ad-Hoc|iPhone
		{43C5480D-6E6C-46C1-9A37-DB17FC1344A4}.Ad-Hoc|iPhoneSimulator.ActiveCfg = Ad-Hoc|iPhoneSimulator
		{43C5480D-6E6C-46C1-9A37-DB17FC1344A4}.Ad-Hoc|iPhoneSimulator.Build.0 = Ad-Hoc|iPhoneSimulator
		{43C5480D-6E6C-46C1-9A37-DB17FC1344A4}.Ad-Hoc|iPhoneSimulator.Deploy.0 = Ad-Hoc|iPhoneSimulator
		{43C5480D-6E6C-46C1-9A37-DB17FC1344A4}.AppStore|Any CPU.ActiveCfg = AppStore|iPhone
		{43C5480D-6E6C-46C1-9A37-DB17FC1344A4}.AppStore|Any CPU.Build.0 = AppStore|iPhone
		{43C5480D-6E6C-46C1-9A37-DB17FC1344A4}.AppStore|Any CPU.Deploy.0 = AppStore|iPhone
		{43C5480D-6E6C-46C1-9A37-DB17FC1344A4}.AppStore|iPhone.ActiveCfg = AppStore|iPhone
		{43C5480D-6E6C-46C1-9A37-DB17FC1344A4}.AppStore|iPhone.Build.0 = AppStore|iPhone
		{43C5480D-6E6C-46C1-9A37-DB17FC1344A4}.AppStore|iPhone.Deploy.0 = AppStore|iPhone
		{43C5480D-6E6C-46C1-9A37-DB17FC1344A4}.AppStore|iPhoneSimulator.ActiveCfg = AppStore|iPhoneSimulator
		{43C5480D-6E6C-46C1-9A37-DB17FC1344A4}.AppStore|iPhoneSimulator.Build.0 = AppStore|iPhoneSimulator
		{43C5480D-6E6C-46C1-9A37-DB17FC1344A4}.AppStore|iPhoneSimulator.Deploy.0 = AppStore|iPhoneSimulator
		{43C5480D-6E6C-46C1-9A37-DB17FC1344A4}.Debug|Any CPU.ActiveCfg = Debug|iPhoneSimulator
		{43C5480D-6E6C-46C1-9A37-DB17FC1344A4}.Debug|Any CPU.Build.0 = Debug|iPhoneSimulator
		{43C5480D-6E6C-46C1-9A37-DB17FC1344A4}.Debug|Any CPU.Deploy.0 = Debug|iPhoneSimulator
		{43C5480D-6E6C-46C1-9A37-DB17FC1344A4}.Debug|iPhone.ActiveCfg = Debug|iPhone
		{43C5480D-6E6C-46C1-9A37-DB17FC1344A4}.Debug|iPhone.Build.0 = Debug|iPhone
		{43C5480D-6E6C-46C1-9A37-DB17FC1344A4}.Debug|iPhone.Deploy.0 = Debug|iPhone
		{43C5480D-6E6C-46C1-9A37-DB17FC1344A4}.Debug|iPhoneSimulator.ActiveCfg = Debug|iPhoneSimulator
		{43C5480D-6E6C-46C1-9A37-DB17FC1344A4}.Debug|iPhoneSimulator.Build.0 = Debug|iPhoneSimulator
		{43C5480D-6E6C-46C1-9A37-DB17FC1344A4}.Debug|iPhoneSimulator.Deploy.0 = Debug|iPhoneSimulator
		{43C5480D-6E6C-46C1-9A37-DB17FC1344A4}.Release|Any CPU.ActiveCfg = Release|iPhone
		{43C5480D-6E6C-46C1-9A37-DB17FC1344A4}.Release|Any CPU.Build.0 = Release|iPhone
		{43C5480D-6E6C-46C1-9A37-DB17FC1344A4}.Release|Any CPU.Deploy.0 = Release|iPhone
		{43C5480D-6E6C-46C1-9A37-DB17FC1344A4}.Release|iPhone.ActiveCfg = Release|iPhone
		{43C5480D-6E6C-46C1-9A37-DB17FC1344A4}.Release|iPhone.Build.0 = Release|iPhone
		{43C5480D-6E6C-46C1-9A37-DB17FC1344A4}.Release|iPhone.Deploy.0 = Release|iPhone
		{43C5480D-6E6C-46C1-9A37-DB17FC1344A4}.Release|iPhoneSimulator.ActiveCfg = Release|iPhoneSimulator
		{43C5480D-6E6C-46C1-9A37-DB17FC1344A4}.Release|iPhoneSimulator.Build.0 = Release|iPhoneSimulator
		{43C5480D-6E6C-46C1-9A37-DB17FC1344A4}.Release|iPhoneSimulator.Deploy.0 = Release|iPhoneSimulator
		{D22D10EF-3C48-4FC9-B237-90E0D4E611BC}.Ad-Hoc|Any CPU.ActiveCfg = Debug|Any CPU
		{D22D10EF-3C48-4FC9-B237-90E0D4E611BC}.Ad-Hoc|Any CPU.Build.0 = Debug|Any CPU
		{D22D10EF-3C48-4FC9-B237-90E0D4E611BC}.Ad-Hoc|Any CPU.Deploy.0 = Debug|Any CPU
		{D22D10EF-3C48-4FC9-B237-90E0D4E611BC}.Ad-Hoc|iPhone.ActiveCfg = Debug|Any CPU
		{D22D10EF-3C48-4FC9-B237-90E0D4E611BC}.Ad-Hoc|iPhone.Build.0 = Debug|Any CPU
		{D22D10EF-3C48-4FC9-B237-90E0D4E611BC}.Ad-Hoc|iPhone.Deploy.0 = Debug|Any CPU
		{D22D10EF-3C48-4FC9-B237-90E0D4E611BC}.Ad-Hoc|iPhoneSimulator.ActiveCfg = Debug|Any CPU
		{D22D10EF-3C48-4FC9-B237-90E0D4E611BC}.Ad-Hoc|iPhoneSimulator.Build.0 = Debug|Any CPU
		{D22D10EF-3C48-4FC9-B237-90E0D4E611BC}.Ad-Hoc|iPhoneSimulator.Deploy.0 = Debug|Any CPU
		{D22D10EF-3C48-4FC9-B237-90E0D4E611BC}.AppStore|Any CPU.ActiveCfg = Debug|Any CPU
		{D22D10EF-3C48-4FC9-B237-90E0D4E611BC}.AppStore|Any CPU.Build.0 = Debug|Any CPU
		{D22D10EF-3C48-4FC9-B237-90E0D4E611BC}.AppStore|Any CPU.Deploy.0 = Debug|Any CPU
		{D22D10EF-3C48-4FC9-B237-90E0D4E611BC}.AppStore|iPhone.ActiveCfg = Debug|Any CPU
		{D22D10EF-3C48-4FC9-B237-90E0D4E611BC}.AppStore|iPhone.Build.0 = Debug|Any CPU
		{D22D10EF-3C48-4FC9-B237-90E0D4E611BC}.AppStore|iPhone.Deploy.0 = Debug|Any CPU
		{D22D10EF-3C48-4FC9-B237-90E0D4E611BC}.AppStore|iPhoneSimulator.ActiveCfg = Debug|Any CPU
		{D22D10EF-3C48-4FC9-B237-90E0D4E611BC}.AppStore|iPhoneSimulator.Build.0 = Debug|Any CPU
		{D22D10EF-3C48-4FC9-B237-90E0D4E611BC}.AppStore|iPhoneSimulator.Deploy.0 = Debug|Any CPU
		{D22D10EF-3C48-4FC9-B237-90E0D4E611BC}.Debug|Any CPU.ActiveCfg = Debug|Any CPU
		{D22D10EF-3C48-4FC9-B237-90E0D4E611BC}.Debug|Any CPU.Build.0 = Debug|Any CPU
		{D22D10EF-3C48-4FC9-B237-90E0D4E611BC}.Debug|Any CPU.Deploy.0 = Debug|Any CPU
		{D22D10EF-3C48-4FC9-B237-90E0D4E611BC}.Debug|iPhone.ActiveCfg = Debug|Any CPU
		{D22D10EF-3C48-4FC9-B237-90E0D4E611BC}.Debug|iPhone.Build.0 = Debug|Any CPU
		{D22D10EF-3C48-4FC9-B237-90E0D4E611BC}.Debug|iPhone.Deploy.0 = Debug|Any CPU
		{D22D10EF-3C48-4FC9-B237-90E0D4E611BC}.Debug|iPhoneSimulator.ActiveCfg = Debug|Any CPU
		{D22D10EF-3C48-4FC9-B237-90E0D4E611BC}.Debug|iPhoneSimulator.Build.0 = Debug|Any CPU
		{D22D10EF-3C48-4FC9-B237-90E0D4E611BC}.Debug|iPhoneSimulator.Deploy.0 = Debug|Any CPU
		{D22D10EF-3C48-4FC9-B237-90E0D4E611BC}.Release|Any CPU.ActiveCfg = Release|Any CPU
		{D22D10EF-3C48-4FC9-B237-90E0D4E611BC}.Release|Any CPU.Build.0 = Release|Any CPU
		{D22D10EF-3C48-4FC9-B237-90E0D4E611BC}.Release|Any CPU.Deploy.0 = Release|Any CPU
		{D22D10EF-3C48-4FC9-B237-90E0D4E611BC}.Release|iPhone.ActiveCfg = Release|Any CPU
		{D22D10EF-3C48-4FC9-B237-90E0D4E611BC}.Release|iPhone.Build.0 = Release|Any CPU
		{D22D10EF-3C48-4FC9-B237-90E0D4E611BC}.Release|iPhone.Deploy.0 = Release|Any CPU
		{D22D10EF-3C48-4FC9-B237-90E0D4E611BC}.Release|iPhoneSimulator.ActiveCfg = Release|Any CPU
		{D22D10EF-3C48-4FC9-B237-90E0D4E611BC}.Release|iPhoneSimulator.Build.0 = Release|Any CPU
		{D22D10EF-3C48-4FC9-B237-90E0D4E611BC}.Release|iPhoneSimulator.Deploy.0 = Release|Any CPU
	EndGlobalSection
	GlobalSection(SolutionProperties) = preSolution
		HideSolutionNode = FALSE
	EndGlobalSection
	GlobalSection(ExtensibilityGlobals) = postSolution
		SolutionGuid = {7C925753-DFEA-446E-AAF4-77CDABE17C32}
	EndGlobalSection
EndGlobal
